
Microsoft Visual Studio Solution File, Format Version 12.00
# Visual Studio 2012
Project("{2150E333-8FDC-42A3-9474-1A3956D46DE8}") = "01UI", "01UI", "{F268FA73-503A-40F4-9393-7A49E36EE0FA}"
EndProject
Project("{2150E333-8FDC-42A3-9474-1A3956D46DE8}") = "02Service", "02Service", "{1C902F94-7A72-4259-B635-58372D383569}"
EndProject
Project("{2150E333-8FDC-42A3-9474-1A3956D46DE8}") = "03Respositry", "03Respositry", "{A1B8B44F-B5B3-4A47-BCDD-9241151CE26E}"
EndProject
Project("{2150E333-8FDC-42A3-9474-1A3956D46DE8}") = "04Infrastructure", "04Infrastructure", "{739DCDB4-ECEF-42AE-BD5A-C0043D597066}"
EndProject
Project("{FAE04EC0-301F-11D3-BF4B-00C04F79EFBC}") = "MVCOA", "MVCOA\MVCOA.csproj", "{22C6A4BE-9F7F-4D41-824A-74A809B46108}"
EndProject
Project("{FAE04EC0-301F-11D3-BF4B-00C04F79EFBC}") = "MVCOA.Logic", "MVCOA.Logic\MVCOA.Logic.csproj", "{7BB40535-0121-4731-BC4D-DC0DF933CA99}"
EndProject
Project("{FAE04EC0-301F-11D3-BF4B-00C04F79EFBC}") = "IBLL", "IBLL\IBLL.csproj", "{93799593-D7C6-43B6-934D-516C6958674F}"
EndProject
Project("{FAE04EC0-301F-11D3-BF4B-00C04F79EFBC}") = "BLLA", "BLLA\BLLA.csproj", "{0D6E5B83-45E9-43EF-8608-573733B1EE7A}"
EndProject
Project("{FAE04EC0-301F-11D3-BF4B-00C04F79EFBC}") = "BLLB", "BLLB\BLLB.csproj", "{D0CBF87B-9512-4F97-8AAA-D75D303EBD55}"
EndProject
Project("{FAE04EC0-301F-11D3-BF4B-00C04F79EFBC}") = "IDAL", "IDAL\IDAL.csproj", "{A50C5F64-3F1E-4ECC-AEEE-094356F4FE93}"
EndProject
Project("{FAE04EC0-301F-11D3-BF4B-00C04F79EFBC}") = "DALMSSQL", "DALMSSQL\DALMSSQL.csproj", "{18770AB0-6A9F-431C-A1A4-C3FC4C2E8D87}"
EndProject
Project("{FAE04EC0-301F-11D3-BF4B-00C04F79EFBC}") = "DALMYSQL", "DALMYSQL\DALMYSQL.csproj", "{5A712830-1560-4B33-ACEC-56726B1DFA84}"
EndProject
Project("{FAE04EC0-301F-11D3-BF4B-00C04F79EFBC}") = "MODEL", "MODEL\MODEL.csproj", "{048C5316-2B4E-4981-9588-10A245A62D7F}"
EndProject
Project("{FAE04EC0-301F-11D3-BF4B-00C04F79EFBC}") = "DI", "DI\DI.csproj", "{AD0C63F9-F1BF-423C-B3D0-9289D55ACF9D}"
EndProject
Project("{FAE04EC0-301F-11D3-BF4B-00C04F79EFBC}") = "Common", "Common\Common.csproj", "{17A928AA-2A42-4C26-9C84-9C8206AA3996}"
EndProject
Project("{2150E333-8FDC-42A3-9474-1A3956D46DE8}") = "00.Schemal", "00.Schemal", "{2597CC88-7D54-4925-85FC-BA0A34F536C8}"
	ProjectSection(SolutionItems) = preProject
		libs\spring-objects-1.3.xsd = libs\spring-objects-1.3.xsd
	EndProjectSection
EndProject
Project("{FAE04EC0-301F-11D3-BF4B-00C04F79EFBC}") = "MVCOA.Helper", "MVCOA.Helper\MVCOA.Helper.csproj", "{56219A7B-84D3-49C4-B2F0-D1CABB1AED2C}"
EndProject
Project("{FAE04EC0-301F-11D3-BF4B-00C04F79EFBC}") = "MVCOA.Login.Admin", "MVCOA.Login.Admin\MVCOA.Login.Admin.csproj", "{B84AD386-EAA1-4ECE-AC06-DAF8C286E236}"
EndProject
Global
	GlobalSection(SolutionConfigurationPlatforms) = preSolution
		Debug|Any CPU = Debug|Any CPU
		Release|Any CPU = Release|Any CPU
	EndGlobalSection
	GlobalSection(ProjectConfigurationPlatforms) = postSolution
		{22C6A4BE-9F7F-4D41-824A-74A809B46108}.Debug|Any CPU.ActiveCfg = Debug|Any CPU
		{22C6A4BE-9F7F-4D41-824A-74A809B46108}.Debug|Any CPU.Build.0 = Debug|Any CPU
		{22C6A4BE-9F7F-4D41-824A-74A809B46108}.Release|Any CPU.ActiveCfg = Release|Any CPU
		{22C6A4BE-9F7F-4D41-824A-74A809B46108}.Release|Any CPU.Build.0 = Release|Any CPU
		{7BB40535-0121-4731-BC4D-DC0DF933CA99}.Debug|Any CPU.ActiveCfg = Debug|Any CPU
		{7BB40535-0121-4731-BC4D-DC0DF933CA99}.Debug|Any CPU.Build.0 = Debug|Any CPU
		{7BB40535-0121-4731-BC4D-DC0DF933CA99}.Release|Any CPU.ActiveCfg = Release|Any CPU
		{7BB40535-0121-4731-BC4D-DC0DF933CA99}.Release|Any CPU.Build.0 = Release|Any CPU
		{93799593-D7C6-43B6-934D-516C6958674F}.Debug|Any CPU.ActiveCfg = Debug|Any CPU
		{93799593-D7C6-43B6-934D-516C6958674F}.Debug|Any CPU.Build.0 = Debug|Any CPU
		{93799593-D7C6-43B6-934D-516C6958674F}.Release|Any CPU.ActiveCfg = Release|Any CPU
		{93799593-D7C6-43B6-934D-516C6958674F}.Release|Any CPU.Build.0 = Release|Any CPU
		{0D6E5B83-45E9-43EF-8608-573733B1EE7A}.Debug|Any CPU.ActiveCfg = Debug|Any CPU
		{0D6E5B83-45E9-43EF-8608-573733B1EE7A}.Debug|Any CPU.Build.0 = Debug|Any CPU
		{0D6E5B83-45E9-43EF-8608-573733B1EE7A}.Release|Any CPU.ActiveCfg = Release|Any CPU
		{0D6E5B83-45E9-43EF-8608-573733B1EE7A}.Release|Any CPU.Build.0 = Release|Any CPU
		{D0CBF87B-9512-4F97-8AAA-D75D303EBD55}.Debug|Any CPU.ActiveCfg = Debug|Any CPU
		{D0CBF87B-9512-4F97-8AAA-D75D303EBD55}.Debug|Any CPU.Build.0 = Debug|Any CPU
		{D0CBF87B-9512-4F97-8AAA-D75D303EBD55}.Release|Any CPU.ActiveCfg = Release|Any CPU
		{D0CBF87B-9512-4F97-8AAA-D75D303EBD55}.Release|Any CPU.Build.0 = Release|Any CPU
		{A50C5F64-3F1E-4ECC-AEEE-094356F4FE93}.Debug|Any CPU.ActiveCfg = Debug|Any CPU
		{A50C5F64-3F1E-4ECC-AEEE-094356F4FE93}.Debug|Any CPU.Build.0 = Debug|Any CPU
		{A50C5F64-3F1E-4ECC-AEEE-094356F4FE93}.Release|Any CPU.ActiveCfg = Release|Any CPU
		{A50C5F64-3F1E-4ECC-AEEE-094356F4FE93}.Release|Any CPU.Build.0 = Release|Any CPU
		{18770AB0-6A9F-431C-A1A4-C3FC4C2E8D87}.Debug|Any CPU.ActiveCfg = Debug|Any CPU
		{18770AB0-6A9F-431C-A1A4-C3FC4C2E8D87}.Debug|Any CPU.Build.0 = Debug|Any CPU
		{18770AB0-6A9F-431C-A1A4-C3FC4C2E8D87}.Release|Any CPU.ActiveCfg = Release|Any CPU
		{18770AB0-6A9F-431C-A1A4-C3FC4C2E8D87}.Release|Any CPU.Build.0 = Release|Any CPU
		{5A712830-1560-4B33-ACEC-56726B1DFA84}.Debug|Any CPU.ActiveCfg = Debug|Any CPU
		{5A712830-1560-4B33-ACEC-56726B1DFA84}.Debug|Any CPU.Build.0 = Debug|Any CPU
		{5A712830-1560-4B33-ACEC-56726B1DFA84}.Release|Any CPU.ActiveCfg = Release|Any CPU
		{5A712830-1560-4B33-ACEC-56726B1DFA84}.Release|Any CPU.Build.0 = Release|Any CPU
		{048C5316-2B4E-4981-9588-10A245A62D7F}.Debug|Any CPU.ActiveCfg = Debug|Any CPU
		{048C5316-2B4E-4981-9588-10A245A62D7F}.Debug|Any CPU.Build.0 = Debug|Any CPU
		{048C5316-2B4E-4981-9588-10A245A62D7F}.Release|Any CPU.ActiveCfg = Release|Any CPU
		{048C5316-2B4E-4981-9588-10A245A62D7F}.Release|Any CPU.Build.0 = Release|Any CPU
		{AD0C63F9-F1BF-423C-B3D0-9289D55ACF9D}.Debug|Any CPU.ActiveCfg = Debug|Any CPU
		{AD0C63F9-F1BF-423C-B3D0-9289D55ACF9D}.Debug|Any CPU.Build.0 = Debug|Any CPU
		{AD0C63F9-F1BF-423C-B3D0-9289D55ACF9D}.Release|Any CPU.ActiveCfg = Release|Any CPU
		{AD0C63F9-F1BF-423C-B3D0-9289D55ACF9D}.Release|Any CPU.Build.0 = Release|Any CPU
		{17A928AA-2A42-4C26-9C84-9C8206AA3996}.Debug|Any CPU.ActiveCfg = Debug|Any CPU
		{17A928AA-2A42-4C26-9C84-9C8206AA3996}.Debug|Any CPU.Build.0 = Debug|Any CPU
		{17A928AA-2A42-4C26-9C84-9C8206AA3996}.Release|Any CPU.ActiveCfg = Release|Any CPU
		{17A928AA-2A42-4C26-9C84-9C8206AA3996}.Release|Any CPU.Build.0 = Release|Any CPU
		{56219A7B-84D3-49C4-B2F0-D1CABB1AED2C}.Debug|Any CPU.ActiveCfg = Debug|Any CPU
		{56219A7B-84D3-49C4-B2F0-D1CABB1AED2C}.Debug|Any CPU.Build.0 = Debug|Any CPU
		{56219A7B-84D3-49C4-B2F0-D1CABB1AED2C}.Release|Any CPU.ActiveCfg = Release|Any CPU
		{56219A7B-84D3-49C4-B2F0-D1CABB1AED2C}.Release|Any CPU.Build.0 = Release|Any CPU
		{B84AD386-EAA1-4ECE-AC06-DAF8C286E236}.Debug|Any CPU.ActiveCfg = Debug|Any CPU
		{B84AD386-EAA1-4ECE-AC06-DAF8C286E236}.Debug|Any CPU.Build.0 = Debug|Any CPU
		{B84AD386-EAA1-4ECE-AC06-DAF8C286E236}.Release|Any CPU.ActiveCfg = Release|Any CPU
		{B84AD386-EAA1-4ECE-AC06-DAF8C286E236}.Release|Any CPU.Build.0 = Release|Any CPU
	EndGlobalSection
	GlobalSection(SolutionProperties) = preSolution
		HideSolutionNode = FALSE
	EndGlobalSection
	GlobalSection(NestedProjects) = preSolution
		{22C6A4BE-9F7F-4D41-824A-74A809B46108} = {F268FA73-503A-40F4-9393-7A49E36EE0FA}
		{7BB40535-0121-4731-BC4D-DC0DF933CA99} = {F268FA73-503A-40F4-9393-7A49E36EE0FA}
		{56219A7B-84D3-49C4-B2F0-D1CABB1AED2C} = {F268FA73-503A-40F4-9393-7A49E36EE0FA}
		{B84AD386-EAA1-4ECE-AC06-DAF8C286E236} = {F268FA73-503A-40F4-9393-7A49E36EE0FA}
		{93799593-D7C6-43B6-934D-516C6958674F} = {1C902F94-7A72-4259-B635-58372D383569}
		{0D6E5B83-45E9-43EF-8608-573733B1EE7A} = {1C902F94-7A72-4259-B635-58372D383569}
		{D0CBF87B-9512-4F97-8AAA-D75D303EBD55} = {1C902F94-7A72-4259-B635-58372D383569}
		{A50C5F64-3F1E-4ECC-AEEE-094356F4FE93} = {A1B8B44F-B5B3-4A47-BCDD-9241151CE26E}
		{18770AB0-6A9F-431C-A1A4-C3FC4C2E8D87} = {A1B8B44F-B5B3-4A47-BCDD-9241151CE26E}
		{5A712830-1560-4B33-ACEC-56726B1DFA84} = {A1B8B44F-B5B3-4A47-BCDD-9241151CE26E}
		{048C5316-2B4E-4981-9588-10A245A62D7F} = {739DCDB4-ECEF-42AE-BD5A-C0043D597066}
		{AD0C63F9-F1BF-423C-B3D0-9289D55ACF9D} = {739DCDB4-ECEF-42AE-BD5A-C0043D597066}
		{17A928AA-2A42-4C26-9C84-9C8206AA3996} = {739DCDB4-ECEF-42AE-BD5A-C0043D597066}
	EndGlobalSection
EndGlobal
